
Microsoft Visual Studio Solution File, Format Version 12.00
# Visual Studio Version 17
VisualStudioVersion = 17.5.33516.290
MinimumVisualStudioVersion = 10.0.40219.1
Project("{FAE04EC0-301F-11D3-BF4B-00C04F79EFBC}") = "RAB_Module02_Challenge_Solution", "RAB_Module02_Challenge_Solution\RAB_Module02_Challenge_Solution.csproj", "{1EC45C68-02E4-4D13-AE50-5D5D6713FED8}"
EndProject
Global
	GlobalSection(SolutionConfigurationPlatforms) = preSolution
		Debug|Any CPU = Debug|Any CPU
		Release|Any CPU = Release|Any CPU
	EndGlobalSection
	GlobalSection(ProjectConfigurationPlatforms) = postSolution
		{1EC45C68-02E4-4D13-AE50-5D5D6713FED8}.Debug|Any CPU.ActiveCfg = Debug|Any CPU
		{1EC45C68-02E4-4D13-AE50-5D5D6713FED8}.Debug|Any CPU.Build.0 = Debug|Any CPU
		{1EC45C68-02E4-4D13-AE50-5D5D6713FED8}.Release|Any CPU.ActiveCfg = Release|Any CPU
		{1EC45C68-02E4-4D13-AE50-5D5D6713FED8}.Release|Any CPU.Build.0 = Release|Any CPU
	EndGlobalSection
	GlobalSection(SolutionProperties) = preSolution
		HideSolutionNode = FALSE
	EndGlobalSection
	GlobalSection(ExtensibilityGlobals) = postSolution
		SolutionGuid = {E709149C-D496-4000-B3E4-55EC7314A720}
	EndGlobalSection
EndGlobal
